# generated by rye
# use `rye lock` or `rye sync` to update this lockfile
#
# last locked with the following flags:
#   pre: false
#   features: []
#   all-features: false
#   with-sources: false
#   generate-hashes: false
#   universal: false

-e file:.
catkin==0.7.18
    # via roslib
catkin-pkg==0.4.13
    # via rospkg
dearpygui==1.11.1
    # via dearbagplayer
docutils==0.21.2
    # via catkin-pkg
genmsg==0.5.12
    # via genpy
    # via rosbag
genpy==0.6.14
    # via rosbag
    # via roscpp
    # via rosgraph-msgs
    # via rospy
    # via std-msgs
gnupg==2.3.1
    # via rosbag
numpy==2.0.1
    # via dearbagplayer
    # via rospy
psutil==6.0.0
    # via gnupg
pycryptodome==3.20.0
    # via rosbag
pycryptodomex==3.20.0
    # via rosbag
pyparsing==3.1.2
    # via catkin-pkg
python-dateutil==2.9.0.post0
    # via catkin-pkg
pyyaml==6.0.2
    # via rospkg
rosbag==1.15.11
    # via dearbagplayer
roscpp==1.15.11
    # via rospy
rosgraph==1.15.11
    # via rospy
rosgraph-msgs==1.11.3.post2
    # via rospy
roslib==1.14.7.post0
    # via rosbag
    # via rospy
rospkg==1.1.10
    # via rosbag
    # via rosgraph
    # via roslib
    # via rospy
rospy==1.15.11
    # via rosbag
six==1.16.0
    # via python-dateutil
std-msgs==0.5.13.post0
    # via rospy
